
Microsoft Visual Studio Solution File, Format Version 12.00
# Visual Studio Version 16
VisualStudioVersion = 16.0.30114.105
MinimumVisualStudioVersion = 10.0.40219.1
Project("{FAE04EC0-301F-11D3-BF4B-00C04F79EFBC}") = "ImmuDB", "ImmuDB\ImmuDB.csproj", "{701D97BE-A255-40D3-9A6F-6B81118AF2E4}"
EndProject
Project("{FAE04EC0-301F-11D3-BF4B-00C04F79EFBC}") = "ImmuDB.Tests", "ImmuDB.Tests\ImmuDB.Tests.csproj", "{48D35A4E-8535-4643-AF2A-D002C55D9940}"
EndProject
Global
	GlobalSection(SolutionConfigurationPlatforms) = preSolution
		Debug|Any CPU = Debug|Any CPU
		Release|Any CPU = Release|Any CPU
	EndGlobalSection
	GlobalSection(SolutionProperties) = preSolution
		HideSolutionNode = FALSE
	EndGlobalSection
	GlobalSection(ProjectConfigurationPlatforms) = postSolution
		{701D97BE-A255-40D3-9A6F-6B81118AF2E4}.Debug|Any CPU.ActiveCfg = Debug|Any CPU
		{701D97BE-A255-40D3-9A6F-6B81118AF2E4}.Debug|Any CPU.Build.0 = Debug|Any CPU
		{701D97BE-A255-40D3-9A6F-6B81118AF2E4}.Release|Any CPU.ActiveCfg = Release|Any CPU
		{701D97BE-A255-40D3-9A6F-6B81118AF2E4}.Release|Any CPU.Build.0 = Release|Any CPU
		{48D35A4E-8535-4643-AF2A-D002C55D9940}.Debug|Any CPU.ActiveCfg = Debug|Any CPU
		{48D35A4E-8535-4643-AF2A-D002C55D9940}.Debug|Any CPU.Build.0 = Debug|Any CPU
		{48D35A4E-8535-4643-AF2A-D002C55D9940}.Release|Any CPU.ActiveCfg = Release|Any CPU
		{48D35A4E-8535-4643-AF2A-D002C55D9940}.Release|Any CPU.Build.0 = Release|Any CPU
	EndGlobalSection
EndGlobal
